
Microsoft Visual Studio Solution File, Format Version 12.00
# Visual Studio 15
VisualStudioVersion = 15.0.27130.2036
MinimumVisualStudioVersion = 10.0.40219.1
Project("{FAE04EC0-301F-11D3-BF4B-00C04F79EFBC}") = "EnigmaWebApi", "EnigmaWebApi\EnigmaWebApi.csproj", "{9CB3D5B5-798D-4AE6-84D0-FF414445D4CE}"
EndProject
Global
	GlobalSection(SolutionConfigurationPlatforms) = preSolution
		Debug|Any CPU = Debug|Any CPU
		Release|Any CPU = Release|Any CPU
	EndGlobalSection
	GlobalSection(ProjectConfigurationPlatforms) = postSolution
		{9CB3D5B5-798D-4AE6-84D0-FF414445D4CE}.Debug|Any CPU.ActiveCfg = Debug|Any CPU
		{9CB3D5B5-798D-4AE6-84D0-FF414445D4CE}.Debug|Any CPU.Build.0 = Debug|Any CPU
		{9CB3D5B5-798D-4AE6-84D0-FF414445D4CE}.Release|Any CPU.ActiveCfg = Release|Any CPU
		{9CB3D5B5-798D-4AE6-84D0-FF414445D4CE}.Release|Any CPU.Build.0 = Release|Any CPU
	EndGlobalSection
	GlobalSection(SolutionProperties) = preSolution
		HideSolutionNode = FALSE
	EndGlobalSection
	GlobalSection(ExtensibilityGlobals) = postSolution
		SolutionGuid = {6AC7B27E-F4FE-4DA4-91A6-165CD958B112}
	EndGlobalSection
EndGlobal
